
Microsoft Visual Studio Solution File, Format Version 12.00
# Visual Studio 2012
Project("{FAE04EC0-301F-11D3-BF4B-00C04F79EFBC}") = "1.Odd or even integers", "OddOrEvenIntegers\1.Odd or even integers.csproj", "{090A5760-1FE0-4497-BB06-B99571665554}"
EndProject
Project("{FAE04EC0-301F-11D3-BF4B-00C04F79EFBC}") = "2.Gravitation on the Moon", "GravitationOnThe Moon\2.Gravitation on the Moon.csproj", "{210B544C-F78F-400D-85BE-9965B57603AC}"
EndProject
Project("{FAE04EC0-301F-11D3-BF4B-00C04F79EFBC}") = "3.Divide by seven and five", "DivideBy7And5\3.Divide by seven and five.csproj", "{4BEA5C36-E26E-4316-A312-ED062BA012A6}"
EndProject
Project("{FAE04EC0-301F-11D3-BF4B-00C04F79EFBC}") = "4.Rectangles", "Rectangles\4.Rectangles.csproj", "{E3D3355C-A30C-40E1-ADCF-09918D310295}"
EndProject
Project("{FAE04EC0-301F-11D3-BF4B-00C04F79EFBC}") = "5.Is third digit seven", "IsThirdDigitSeven\5.Is third digit seven.csproj", "{298F9466-17B4-4ABF-A873-7339C37C6AB2}"
EndProject
Project("{FAE04EC0-301F-11D3-BF4B-00C04F79EFBC}") = "6.Four digit number", "FourDigitNumber\6.Four digit number.csproj", "{8F58D069-0A9E-4738-AB46-434975A20E0F}"
EndProject
Project("{FAE04EC0-301F-11D3-BF4B-00C04F79EFBC}") = "7.Point in a circle", "PointInACircle\7.Point in a circle.csproj", "{DD5E1FD3-3265-42FC-A958-8D8600F79FE3}"
EndProject
Project("{FAE04EC0-301F-11D3-BF4B-00C04F79EFBC}") = "8.Prime number check", "PrimeNumberCheck\8.Prime number check.csproj", "{3630A01C-2972-44FD-A940-657DC3E067F3}"
EndProject
Project("{FAE04EC0-301F-11D3-BF4B-00C04F79EFBC}") = "9.Trapezoids", "Trapezoids\9.Trapezoids.csproj", "{7EA9205C-C1F2-4FEF-B9D9-DEE783791D0F}"
EndProject
Project("{FAE04EC0-301F-11D3-BF4B-00C04F79EFBC}") = "10.Inside a circle and outside of a rectangle", "InsideACircleAndOutsideOfARectangle\10.Inside a circle and outside of a rectangle.csproj", "{F8B6B852-F7C3-4DB3-A2CD-EE65EF5B1B00}"
EndProject
Project("{FAE04EC0-301F-11D3-BF4B-00C04F79EFBC}") = "11.Bitwise extract bit 3", "BitwiseExtractBit3\11.Bitwise extract bit 3.csproj", "{A9DF618A-3C60-4D57-983C-5CBCF49547D2}"
EndProject
Project("{FAE04EC0-301F-11D3-BF4B-00C04F79EFBC}") = "12Extract Bit from Integer", "Extract Bit from Integer\12Extract Bit from Integer.csproj", "{EDFC6A37-1331-4E83-830E-38333D1C8838}"
EndProject
Project("{FAE04EC0-301F-11D3-BF4B-00C04F79EFBC}") = "13. Check a Bit at Given Position", "13. Check a Bit at Given Position\13. Check a Bit at Given Position.csproj", "{ECA279DC-F71F-46A0-9185-A56DF3DEF2E0}"
EndProject
Project("{FAE04EC0-301F-11D3-BF4B-00C04F79EFBC}") = "14.Modify a Bit at Given Position", "Modify a Bit at Given Position\14.Modify a Bit at Given Position.csproj", "{C18A2D96-533F-4F6E-9146-66DF2B09D6EA}"
EndProject
Project("{FAE04EC0-301F-11D3-BF4B-00C04F79EFBC}") = "15.Bits Exchange", "Bits Exchange\15.Bits Exchange.csproj", "{D2C9F857-3F7C-49CB-8A30-6EC07E763FD0}"
EndProject
Project("{FAE04EC0-301F-11D3-BF4B-00C04F79EFBC}") = "16.Bit ExchangeAdvanced", "16.Bit Exchange\16.Bit ExchangeAdvanced.csproj", "{CB65A07B-321D-4B18-A9BE-F8DC7861A522}"
EndProject
Global
	GlobalSection(SolutionConfigurationPlatforms) = preSolution
		Debug|Any CPU = Debug|Any CPU
		Release|Any CPU = Release|Any CPU
	EndGlobalSection
	GlobalSection(ProjectConfigurationPlatforms) = postSolution
		{090A5760-1FE0-4497-BB06-B99571665554}.Debug|Any CPU.ActiveCfg = Debug|Any CPU
		{090A5760-1FE0-4497-BB06-B99571665554}.Debug|Any CPU.Build.0 = Debug|Any CPU
		{090A5760-1FE0-4497-BB06-B99571665554}.Release|Any CPU.ActiveCfg = Release|Any CPU
		{090A5760-1FE0-4497-BB06-B99571665554}.Release|Any CPU.Build.0 = Release|Any CPU
		{210B544C-F78F-400D-85BE-9965B57603AC}.Debug|Any CPU.ActiveCfg = Debug|Any CPU
		{210B544C-F78F-400D-85BE-9965B57603AC}.Debug|Any CPU.Build.0 = Debug|Any CPU
		{210B544C-F78F-400D-85BE-9965B57603AC}.Release|Any CPU.ActiveCfg = Release|Any CPU
		{210B544C-F78F-400D-85BE-9965B57603AC}.Release|Any CPU.Build.0 = Release|Any CPU
		{4BEA5C36-E26E-4316-A312-ED062BA012A6}.Debug|Any CPU.ActiveCfg = Debug|Any CPU
		{4BEA5C36-E26E-4316-A312-ED062BA012A6}.Debug|Any CPU.Build.0 = Debug|Any CPU
		{4BEA5C36-E26E-4316-A312-ED062BA012A6}.Release|Any CPU.ActiveCfg = Release|Any CPU
		{4BEA5C36-E26E-4316-A312-ED062BA012A6}.Release|Any CPU.Build.0 = Release|Any CPU
		{E3D3355C-A30C-40E1-ADCF-09918D310295}.Debug|Any CPU.ActiveCfg = Debug|Any CPU
		{E3D3355C-A30C-40E1-ADCF-09918D310295}.Debug|Any CPU.Build.0 = Debug|Any CPU
		{E3D3355C-A30C-40E1-ADCF-09918D310295}.Release|Any CPU.ActiveCfg = Release|Any CPU
		{E3D3355C-A30C-40E1-ADCF-09918D310295}.Release|Any CPU.Build.0 = Release|Any CPU
		{298F9466-17B4-4ABF-A873-7339C37C6AB2}.Debug|Any CPU.ActiveCfg = Debug|Any CPU
		{298F9466-17B4-4ABF-A873-7339C37C6AB2}.Debug|Any CPU.Build.0 = Debug|Any CPU
		{298F9466-17B4-4ABF-A873-7339C37C6AB2}.Release|Any CPU.ActiveCfg = Release|Any CPU
		{298F9466-17B4-4ABF-A873-7339C37C6AB2}.Release|Any CPU.Build.0 = Release|Any CPU
		{8F58D069-0A9E-4738-AB46-434975A20E0F}.Debug|Any CPU.ActiveCfg = Debug|Any CPU
		{8F58D069-0A9E-4738-AB46-434975A20E0F}.Debug|Any CPU.Build.0 = Debug|Any CPU
		{8F58D069-0A9E-4738-AB46-434975A20E0F}.Release|Any CPU.ActiveCfg = Release|Any CPU
		{8F58D069-0A9E-4738-AB46-434975A20E0F}.Release|Any CPU.Build.0 = Release|Any CPU
		{DD5E1FD3-3265-42FC-A958-8D8600F79FE3}.Debug|Any CPU.ActiveCfg = Debug|Any CPU
		{DD5E1FD3-3265-42FC-A958-8D8600F79FE3}.Debug|Any CPU.Build.0 = Debug|Any CPU
		{DD5E1FD3-3265-42FC-A958-8D8600F79FE3}.Release|Any CPU.ActiveCfg = Release|Any CPU
		{DD5E1FD3-3265-42FC-A958-8D8600F79FE3}.Release|Any CPU.Build.0 = Release|Any CPU
		{3630A01C-2972-44FD-A940-657DC3E067F3}.Debug|Any CPU.ActiveCfg = Debug|Any CPU
		{3630A01C-2972-44FD-A940-657DC3E067F3}.Debug|Any CPU.Build.0 = Debug|Any CPU
		{3630A01C-2972-44FD-A940-657DC3E067F3}.Release|Any CPU.ActiveCfg = Release|Any CPU
		{3630A01C-2972-44FD-A940-657DC3E067F3}.Release|Any CPU.Build.0 = Release|Any CPU
		{7EA9205C-C1F2-4FEF-B9D9-DEE783791D0F}.Debug|Any CPU.ActiveCfg = Debug|Any CPU
		{7EA9205C-C1F2-4FEF-B9D9-DEE783791D0F}.Debug|Any CPU.Build.0 = Debug|Any CPU
		{7EA9205C-C1F2-4FEF-B9D9-DEE783791D0F}.Release|Any CPU.ActiveCfg = Release|Any CPU
		{7EA9205C-C1F2-4FEF-B9D9-DEE783791D0F}.Release|Any CPU.Build.0 = Release|Any CPU
		{F8B6B852-F7C3-4DB3-A2CD-EE65EF5B1B00}.Debug|Any CPU.ActiveCfg = Debug|Any CPU
		{F8B6B852-F7C3-4DB3-A2CD-EE65EF5B1B00}.Debug|Any CPU.Build.0 = Debug|Any CPU
		{F8B6B852-F7C3-4DB3-A2CD-EE65EF5B1B00}.Release|Any CPU.ActiveCfg = Release|Any CPU
		{F8B6B852-F7C3-4DB3-A2CD-EE65EF5B1B00}.Release|Any CPU.Build.0 = Release|Any CPU
		{A9DF618A-3C60-4D57-983C-5CBCF49547D2}.Debug|Any CPU.ActiveCfg = Debug|Any CPU
		{A9DF618A-3C60-4D57-983C-5CBCF49547D2}.Debug|Any CPU.Build.0 = Debug|Any CPU
		{A9DF618A-3C60-4D57-983C-5CBCF49547D2}.Release|Any CPU.ActiveCfg = Release|Any CPU
		{A9DF618A-3C60-4D57-983C-5CBCF49547D2}.Release|Any CPU.Build.0 = Release|Any CPU
		{EDFC6A37-1331-4E83-830E-38333D1C8838}.Debug|Any CPU.ActiveCfg = Debug|Any CPU
		{EDFC6A37-1331-4E83-830E-38333D1C8838}.Debug|Any CPU.Build.0 = Debug|Any CPU
		{EDFC6A37-1331-4E83-830E-38333D1C8838}.Release|Any CPU.ActiveCfg = Release|Any CPU
		{EDFC6A37-1331-4E83-830E-38333D1C8838}.Release|Any CPU.Build.0 = Release|Any CPU
		{ECA279DC-F71F-46A0-9185-A56DF3DEF2E0}.Debug|Any CPU.ActiveCfg = Debug|Any CPU
		{ECA279DC-F71F-46A0-9185-A56DF3DEF2E0}.Debug|Any CPU.Build.0 = Debug|Any CPU
		{ECA279DC-F71F-46A0-9185-A56DF3DEF2E0}.Release|Any CPU.ActiveCfg = Release|Any CPU
		{ECA279DC-F71F-46A0-9185-A56DF3DEF2E0}.Release|Any CPU.Build.0 = Release|Any CPU
		{C18A2D96-533F-4F6E-9146-66DF2B09D6EA}.Debug|Any CPU.ActiveCfg = Debug|Any CPU
		{C18A2D96-533F-4F6E-9146-66DF2B09D6EA}.Debug|Any CPU.Build.0 = Debug|Any CPU
		{C18A2D96-533F-4F6E-9146-66DF2B09D6EA}.Release|Any CPU.ActiveCfg = Release|Any CPU
		{C18A2D96-533F-4F6E-9146-66DF2B09D6EA}.Release|Any CPU.Build.0 = Release|Any CPU
		{D2C9F857-3F7C-49CB-8A30-6EC07E763FD0}.Debug|Any CPU.ActiveCfg = Debug|Any CPU
		{D2C9F857-3F7C-49CB-8A30-6EC07E763FD0}.Debug|Any CPU.Build.0 = Debug|Any CPU
		{D2C9F857-3F7C-49CB-8A30-6EC07E763FD0}.Release|Any CPU.ActiveCfg = Release|Any CPU
		{D2C9F857-3F7C-49CB-8A30-6EC07E763FD0}.Release|Any CPU.Build.0 = Release|Any CPU
		{CB65A07B-321D-4B18-A9BE-F8DC7861A522}.Debug|Any CPU.ActiveCfg = Debug|Any CPU
		{CB65A07B-321D-4B18-A9BE-F8DC7861A522}.Debug|Any CPU.Build.0 = Debug|Any CPU
		{CB65A07B-321D-4B18-A9BE-F8DC7861A522}.Release|Any CPU.ActiveCfg = Release|Any CPU
		{CB65A07B-321D-4B18-A9BE-F8DC7861A522}.Release|Any CPU.Build.0 = Release|Any CPU
	EndGlobalSection
	GlobalSection(SolutionProperties) = preSolution
		HideSolutionNode = FALSE
	EndGlobalSection
	GlobalSection(Performance) = preSolution
		HasPerformanceSessions = true
	EndGlobalSection
EndGlobal
